
Microsoft Visual Studio Solution File, Format Version 12.00
# Visual Studio Version 16
VisualStudioVersion = 16.0.30011.22
MinimumVisualStudioVersion = 10.0.40219.1
Project("{FAE04EC0-301F-11D3-BF4B-00C04F79EFBC}") = "Pipeline", "Pipeline\Pipeline.csproj", "{09482CBF-9276-4219-A9A9-5907D5BB4CCB}"
EndProject
Global
	GlobalSection(SolutionConfigurationPlatforms) = preSolution
		Debug|Any CPU = Debug|Any CPU
		Release|Any CPU = Release|Any CPU
	EndGlobalSection
	GlobalSection(ProjectConfigurationPlatforms) = postSolution
		{09482CBF-9276-4219-A9A9-5907D5BB4CCB}.Debug|Any CPU.ActiveCfg = Debug|Any CPU
		{09482CBF-9276-4219-A9A9-5907D5BB4CCB}.Debug|Any CPU.Build.0 = Debug|Any CPU
		{09482CBF-9276-4219-A9A9-5907D5BB4CCB}.Release|Any CPU.ActiveCfg = Release|Any CPU
		{09482CBF-9276-4219-A9A9-5907D5BB4CCB}.Release|Any CPU.Build.0 = Release|Any CPU
	EndGlobalSection
	GlobalSection(SolutionProperties) = preSolution
		HideSolutionNode = FALSE
	EndGlobalSection
	GlobalSection(ExtensibilityGlobals) = postSolution
		SolutionGuid = {101A33F5-D316-4030-B0F1-AA4735ADCA78}
	EndGlobalSection
EndGlobal
